
Microsoft Visual Studio Solution File, Format Version 12.00
# Visual Studio Version 17
VisualStudioVersion = 17.4.33213.308
MinimumVisualStudioVersion = 10.0.40219.1
Project("{9A19103F-16F7-4668-BE54-9A1E7A4F7556}") = "ClientConvertisseur", "ClientConvertisseur\ClientConvertisseur.csproj", "{D7729266-2904-43B5-AECE-B6CB2BBB149B}"
EndProject
Project("{9A19103F-16F7-4668-BE54-9A1E7A4F7556}") = "ClientConvertisseurV2", "ClientConvertisseurV2\ClientConvertisseurV2.csproj", "{8A732524-A333-4158-B0BE-DBAC26B2E24B}"
EndProject
Project("{FAE04EC0-301F-11D3-BF4B-00C04F79EFBC}") = "ClientConvertisseurClassModels", "ClientConvertisseurClassModels\ClientConvertisseurClassModels.csproj", "{08CEBE76-B2AB-449E-8A56-7A956AC623C3}"
EndProject
Global
	GlobalSection(SolutionConfigurationPlatforms) = preSolution
		Debug|Any CPU = Debug|Any CPU
		Debug|ARM64 = Debug|ARM64
		Debug|x64 = Debug|x64
		Debug|x86 = Debug|x86
		Release|Any CPU = Release|Any CPU
		Release|ARM64 = Release|ARM64
		Release|x64 = Release|x64
		Release|x86 = Release|x86
	EndGlobalSection
	GlobalSection(ProjectConfigurationPlatforms) = postSolution
		{D7729266-2904-43B5-AECE-B6CB2BBB149B}.Debug|Any CPU.ActiveCfg = Debug|x64
		{D7729266-2904-43B5-AECE-B6CB2BBB149B}.Debug|Any CPU.Build.0 = Debug|x64
		{D7729266-2904-43B5-AECE-B6CB2BBB149B}.Debug|Any CPU.Deploy.0 = Debug|x64
		{D7729266-2904-43B5-AECE-B6CB2BBB149B}.Debug|ARM64.ActiveCfg = Debug|ARM64
		{D7729266-2904-43B5-AECE-B6CB2BBB149B}.Debug|ARM64.Build.0 = Debug|ARM64
		{D7729266-2904-43B5-AECE-B6CB2BBB149B}.Debug|ARM64.Deploy.0 = Debug|ARM64
		{D7729266-2904-43B5-AECE-B6CB2BBB149B}.Debug|x64.ActiveCfg = Debug|x64
		{D7729266-2904-43B5-AECE-B6CB2BBB149B}.Debug|x64.Build.0 = Debug|x64
		{D7729266-2904-43B5-AECE-B6CB2BBB149B}.Debug|x64.Deploy.0 = Debug|x64
		{D7729266-2904-43B5-AECE-B6CB2BBB149B}.Debug|x86.ActiveCfg = Debug|x86
		{D7729266-2904-43B5-AECE-B6CB2BBB149B}.Debug|x86.Build.0 = Debug|x86
		{D7729266-2904-43B5-AECE-B6CB2BBB149B}.Debug|x86.Deploy.0 = Debug|x86
		{D7729266-2904-43B5-AECE-B6CB2BBB149B}.Release|Any CPU.ActiveCfg = Release|x64
		{D7729266-2904-43B5-AECE-B6CB2BBB149B}.Release|Any CPU.Build.0 = Release|x64
		{D7729266-2904-43B5-AECE-B6CB2BBB149B}.Release|Any CPU.Deploy.0 = Release|x64
		{D7729266-2904-43B5-AECE-B6CB2BBB149B}.Release|ARM64.ActiveCfg = Release|ARM64
		{D7729266-2904-43B5-AECE-B6CB2BBB149B}.Release|ARM64.Build.0 = Release|ARM64
		{D7729266-2904-43B5-AECE-B6CB2BBB149B}.Release|ARM64.Deploy.0 = Release|ARM64
		{D7729266-2904-43B5-AECE-B6CB2BBB149B}.Release|x64.ActiveCfg = Release|x64
		{D7729266-2904-43B5-AECE-B6CB2BBB149B}.Release|x64.Build.0 = Release|x64
		{D7729266-2904-43B5-AECE-B6CB2BBB149B}.Release|x64.Deploy.0 = Release|x64
		{D7729266-2904-43B5-AECE-B6CB2BBB149B}.Release|x86.ActiveCfg = Release|x86
		{D7729266-2904-43B5-AECE-B6CB2BBB149B}.Release|x86.Build.0 = Release|x86
		{D7729266-2904-43B5-AECE-B6CB2BBB149B}.Release|x86.Deploy.0 = Release|x86
		{8A732524-A333-4158-B0BE-DBAC26B2E24B}.Debug|Any CPU.ActiveCfg = Debug|x64
		{8A732524-A333-4158-B0BE-DBAC26B2E24B}.Debug|Any CPU.Build.0 = Debug|x64
		{8A732524-A333-4158-B0BE-DBAC26B2E24B}.Debug|Any CPU.Deploy.0 = Debug|x64
		{8A732524-A333-4158-B0BE-DBAC26B2E24B}.Debug|ARM64.ActiveCfg = Debug|ARM64
		{8A732524-A333-4158-B0BE-DBAC26B2E24B}.Debug|ARM64.Build.0 = Debug|ARM64
		{8A732524-A333-4158-B0BE-DBAC26B2E24B}.Debug|ARM64.Deploy.0 = Debug|ARM64
		{8A732524-A333-4158-B0BE-DBAC26B2E24B}.Debug|x64.ActiveCfg = Debug|x64
		{8A732524-A333-4158-B0BE-DBAC26B2E24B}.Debug|x64.Build.0 = Debug|x64
		{8A732524-A333-4158-B0BE-DBAC26B2E24B}.Debug|x64.Deploy.0 = Debug|x64
		{8A732524-A333-4158-B0BE-DBAC26B2E24B}.Debug|x86.ActiveCfg = Debug|x86
		{8A732524-A333-4158-B0BE-DBAC26B2E24B}.Debug|x86.Build.0 = Debug|x86
		{8A732524-A333-4158-B0BE-DBAC26B2E24B}.Debug|x86.Deploy.0 = Debug|x86
		{8A732524-A333-4158-B0BE-DBAC26B2E24B}.Release|Any CPU.ActiveCfg = Release|x64
		{8A732524-A333-4158-B0BE-DBAC26B2E24B}.Release|Any CPU.Build.0 = Release|x64
		{8A732524-A333-4158-B0BE-DBAC26B2E24B}.Release|Any CPU.Deploy.0 = Release|x64
		{8A732524-A333-4158-B0BE-DBAC26B2E24B}.Release|ARM64.ActiveCfg = Release|ARM64
		{8A732524-A333-4158-B0BE-DBAC26B2E24B}.Release|ARM64.Build.0 = Release|ARM64
		{8A732524-A333-4158-B0BE-DBAC26B2E24B}.Release|ARM64.Deploy.0 = Release|ARM64
		{8A732524-A333-4158-B0BE-DBAC26B2E24B}.Release|x64.ActiveCfg = Release|x64
		{8A732524-A333-4158-B0BE-DBAC26B2E24B}.Release|x64.Build.0 = Release|x64
		{8A732524-A333-4158-B0BE-DBAC26B2E24B}.Release|x64.Deploy.0 = Release|x64
		{8A732524-A333-4158-B0BE-DBAC26B2E24B}.Release|x86.ActiveCfg = Release|x86
		{8A732524-A333-4158-B0BE-DBAC26B2E24B}.Release|x86.Build.0 = Release|x86
		{8A732524-A333-4158-B0BE-DBAC26B2E24B}.Release|x86.Deploy.0 = Release|x86
		{08CEBE76-B2AB-449E-8A56-7A956AC623C3}.Debug|Any CPU.ActiveCfg = Debug|x64
		{08CEBE76-B2AB-449E-8A56-7A956AC623C3}.Debug|Any CPU.Build.0 = Debug|x64
		{08CEBE76-B2AB-449E-8A56-7A956AC623C3}.Debug|Any CPU.Deploy.0 = Debug|x64
		{08CEBE76-B2AB-449E-8A56-7A956AC623C3}.Debug|ARM64.ActiveCfg = Debug|ARM64
		{08CEBE76-B2AB-449E-8A56-7A956AC623C3}.Debug|ARM64.Build.0 = Debug|ARM64
		{08CEBE76-B2AB-449E-8A56-7A956AC623C3}.Debug|ARM64.Deploy.0 = Debug|ARM64
		{08CEBE76-B2AB-449E-8A56-7A956AC623C3}.Debug|x64.ActiveCfg = Debug|x64
		{08CEBE76-B2AB-449E-8A56-7A956AC623C3}.Debug|x64.Build.0 = Debug|x64
		{08CEBE76-B2AB-449E-8A56-7A956AC623C3}.Debug|x64.Deploy.0 = Debug|x64
		{08CEBE76-B2AB-449E-8A56-7A956AC623C3}.Debug|x86.ActiveCfg = Debug|x86
		{08CEBE76-B2AB-449E-8A56-7A956AC623C3}.Debug|x86.Build.0 = Debug|x86
		{08CEBE76-B2AB-449E-8A56-7A956AC623C3}.Debug|x86.Deploy.0 = Debug|x86
		{08CEBE76-B2AB-449E-8A56-7A956AC623C3}.Release|Any CPU.ActiveCfg = Release|x64
		{08CEBE76-B2AB-449E-8A56-7A956AC623C3}.Release|Any CPU.Build.0 = Release|x64
		{08CEBE76-B2AB-449E-8A56-7A956AC623C3}.Release|Any CPU.Deploy.0 = Release|x64
		{08CEBE76-B2AB-449E-8A56-7A956AC623C3}.Release|ARM64.ActiveCfg = Release|ARM64
		{08CEBE76-B2AB-449E-8A56-7A956AC623C3}.Release|ARM64.Build.0 = Release|ARM64
		{08CEBE76-B2AB-449E-8A56-7A956AC623C3}.Release|ARM64.Deploy.0 = Release|ARM64
		{08CEBE76-B2AB-449E-8A56-7A956AC623C3}.Release|x64.ActiveCfg = Release|x64
		{08CEBE76-B2AB-449E-8A56-7A956AC623C3}.Release|x64.Build.0 = Release|x64
		{08CEBE76-B2AB-449E-8A56-7A956AC623C3}.Release|x64.Deploy.0 = Release|x64
		{08CEBE76-B2AB-449E-8A56-7A956AC623C3}.Release|x86.ActiveCfg = Release|x86
		{08CEBE76-B2AB-449E-8A56-7A956AC623C3}.Release|x86.Build.0 = Release|x86
		{08CEBE76-B2AB-449E-8A56-7A956AC623C3}.Release|x86.Deploy.0 = Release|x86
	EndGlobalSection
	GlobalSection(SolutionProperties) = preSolution
		HideSolutionNode = FALSE
	EndGlobalSection
	GlobalSection(ExtensibilityGlobals) = postSolution
		SolutionGuid = {929905DE-D265-49D0-B9EE-F1EB1C97F932}
	EndGlobalSection
EndGlobal
